
Microsoft Visual Studio Solution File, Format Version 12.00
# Visual Studio Version 17
VisualStudioVersion = 17.14.36414.22 d17.14
MinimumVisualStudioVersion = 10.0.40219.1
Project("{C9674DCB-5085-4A16-B785-4C70DD1589BD}") = "task", "task.dtproj", "{BEA6483E-A3A7-1D80-C15D-1CFA02E3E342}"
EndProject
Global
	GlobalSection(SolutionConfigurationPlatforms) = preSolution
		Development|Default = Development|Default
	EndGlobalSection
	GlobalSection(ProjectConfigurationPlatforms) = postSolution
		{BEA6483E-A3A7-1D80-C15D-1CFA02E3E342}.Development|Default.ActiveCfg = Development
		{BEA6483E-A3A7-1D80-C15D-1CFA02E3E342}.Development|Default.Build.0 = Development
	EndGlobalSection
	GlobalSection(SolutionProperties) = preSolution
		HideSolutionNode = FALSE
	EndGlobalSection
	GlobalSection(ExtensibilityGlobals) = postSolution
		SolutionGuid = {A6316C80-7EF8-4176-9BDB-064BF343B53C}
	EndGlobalSection
EndGlobal
